
Microsoft Visual Studio Solution File, Format Version 12.00
# Visual Studio Version 17
VisualStudioVersion = 17.8.34408.163
MinimumVisualStudioVersion = 10.0.40219.1
Project("{9A19103F-16F7-4668-BE54-9A1E7A4F7556}") = "Console_PingPong", "Console_PingPong\Console_PingPong.csproj", "{E98D204B-F789-493F-BDD5-C84E5D49E23F}"
EndProject
Project("{FAE04EC0-301F-11D3-BF4B-00C04F79EFBC}") = "PinPong.Core", "PinPong.Core\PinPong.Core.csproj", "{53C0DC33-5F83-4078-B973-B11563E4D819}"
EndProject
Global
	GlobalSection(SolutionConfigurationPlatforms) = preSolution
		Debug|Any CPU = Debug|Any CPU
		Release|Any CPU = Release|Any CPU
	EndGlobalSection
	GlobalSection(ProjectConfigurationPlatforms) = postSolution
		{E98D204B-F789-493F-BDD5-C84E5D49E23F}.Debug|Any CPU.ActiveCfg = Debug|Any CPU
		{E98D204B-F789-493F-BDD5-C84E5D49E23F}.Debug|Any CPU.Build.0 = Debug|Any CPU
		{E98D204B-F789-493F-BDD5-C84E5D49E23F}.Release|Any CPU.ActiveCfg = Release|Any CPU
		{E98D204B-F789-493F-BDD5-C84E5D49E23F}.Release|Any CPU.Build.0 = Release|Any CPU
		{53C0DC33-5F83-4078-B973-B11563E4D819}.Debug|Any CPU.ActiveCfg = Debug|Any CPU
		{53C0DC33-5F83-4078-B973-B11563E4D819}.Debug|Any CPU.Build.0 = Debug|Any CPU
		{53C0DC33-5F83-4078-B973-B11563E4D819}.Release|Any CPU.ActiveCfg = Release|Any CPU
		{53C0DC33-5F83-4078-B973-B11563E4D819}.Release|Any CPU.Build.0 = Release|Any CPU
	EndGlobalSection
	GlobalSection(SolutionProperties) = preSolution
		HideSolutionNode = FALSE
	EndGlobalSection
	GlobalSection(ExtensibilityGlobals) = postSolution
		SolutionGuid = {92810E4C-DD54-4A1B-84A1-A0C870958CA3}
	EndGlobalSection
EndGlobal
